# This file was autogenerated by Stack.
# You should not edit this file by hand.
# For more information, please see the documentation at:
#   https://docs.haskellstack.org/en/stable/lock_files

packages:
- completed:
    hackage: envparse-0.4.1@sha256:989902e6368532548f61de1fa245ad2b39176cddd8743b20071af519a709ce30,2842
    pantry-tree:
      size: 1180
      sha256: 35044d67979fe2a5cff05cf8736a06a265592433cdd03e13a72908ceed892612
  original:
    hackage: envparse-0.4.1@sha256:989902e6368532548f61de1fa245ad2b39176cddd8743b20071af519a709ce30,2842
- completed:
    hackage: hspec-wai-0.10.1@sha256:56dd9ec1d56f47ef1946f71f7cbf070e4c285f718cac1b158400ae5e7172ef47,2290
    pantry-tree:
      size: 809
      sha256: 17af1c2e709cd84bfda066b9ebb04cdde7f92660c51a1f7401a1e9f766524e93
  original:
    hackage: hspec-wai-0.10.1@sha256:56dd9ec1d56f47ef1946f71f7cbf070e4c285f718cac1b158400ae5e7172ef47,2290
- completed:
    hackage: hspec-wai-json-0.10.1@sha256:67b405c38f0a9e2771480c8d3ecd8aeb8d8776a35d3b2906cb1b76c9538617e4,1629
    pantry-tree:
      size: 349
      sha256: fb9e89b79cde3276baa484c860c6b9eeebdbc1a5c43301293351a25bc4c08e87
  original:
    hackage: hspec-wai-json-0.10.1@sha256:67b405c38f0a9e2771480c8d3ecd8aeb8d8776a35d3b2906cb1b76c9538617e4,1629
- completed:
    hackage: cryptostore-0.2.1.0@sha256:9896e2984f36a1c8790f057fd5ce3da4cbcaf8aa73eb2d9277916886978c5b19,3881
    pantry-tree:
      size: 8596
      sha256: e392f8dded050690140636b81433fb350bd87dd21643dde9a2f0aa344cf038e5
  original:
    hackage: cryptostore-0.2.1.0@sha256:9896e2984f36a1c8790f057fd5ce3da4cbcaf8aa73eb2d9277916886978c5b19,3881
- completed:
    hackage: cryptonite-0.26@sha256:43c722f3770c31f4c5376e7aa42645b104834103312e217aa7fe79316416d6df,17352
    pantry-tree:
      size: 22455
      sha256: cbec4c7bd57508339510f18df64827dbd65eb7ede00db07a463a36aecdda077c
  original:
    hackage: cryptonite-0.26@sha256:43c722f3770c31f4c5376e7aa42645b104834103312e217aa7fe79316416d6df,17352
- completed:
    hackage: network-bitcoin-1.9.1@sha256:f950326eef853c8ce5a15a2fc65ed0291669b60b3138538629469fbeaf447d96,2420
    pantry-tree:
      size: 851
      sha256: 9e1136ae25b7bec92afb03dae5833946bf0596518a8c92a65c09eef7f5c4c2ac
  original:
    hackage: network-bitcoin-1.9.1@sha256:f950326eef853c8ce5a15a2fc65ed0291669b60b3138538629469fbeaf447d96,2420
- completed:
    hackage: swagger2-2.3.1.1@sha256:d37f1ab99b66a68d873c44bfaa30a763d52eed72df9e82805b99be9d9b8ad2bc,4433
    pantry-tree:
      size: 2192
      sha256: 5bdf70366b9de698cad87da06c95096b61a1d40c913625525e386694b04f865d
  original:
    hackage: swagger2-2.3.1.1
- completed:
    size: 110250
    subdir: core
    url: https://github.com/coingaming/gRPC-haskell/archive/8eaee520cd1a2ae909d2ef7ce16ce3a17be4418a.tar.gz
    cabal-file:
      size: 3306
      sha256: 4bacd90915321750db570042cd05ada01b9b83c79f6bf6b6ccdef1889b383efa
    name: grpc-haskell-core
    version: 0.0.0.0
    sha256: d9c150a855b85b5ebc1c22c2fcc0ea171ee0fdee46dd626a115f8405cb5c4502
    pantry-tree:
      size: 2543
      sha256: f3068aefface90c7cc81139a6c5482f363b07087c254631225c573fee512035c
  original:
    subdir: core
    url: https://github.com/coingaming/gRPC-haskell/archive/8eaee520cd1a2ae909d2ef7ce16ce3a17be4418a.tar.gz
- completed:
    size: 110250
    url: https://github.com/coingaming/gRPC-haskell/archive/8eaee520cd1a2ae909d2ef7ce16ce3a17be4418a.tar.gz
    cabal-file:
      size: 6044
      sha256: 20b32a3b2f8a4a6db8cf0f9995e159c60d6a93e6e64ef8a4b7429a1fdb1036fa
    name: grpc-haskell
    version: 0.0.1.0
    sha256: d9c150a855b85b5ebc1c22c2fcc0ea171ee0fdee46dd626a115f8405cb5c4502
    pantry-tree:
      size: 7299
      sha256: 54faf14001920d7fe0f4fd8dd3fb237db845f0ca8de8b2df5c00191902f2bbcf
  original:
    url: https://github.com/coingaming/gRPC-haskell/archive/8eaee520cd1a2ae909d2ef7ce16ce3a17be4418a.tar.gz
- completed:
    size: 78528
    url: https://github.com/awakesecurity/proto3-suite/archive/ca03aa9d846d88b0762e40f9588b4927de22f798.tar.gz
    cabal-file:
      size: 5729
      sha256: 2a57338dc12c00bc6b764f314baf4ac041b93a81dcadfa284e643d52e2f54ec7
    name: proto3-suite
    version: 0.4.0.0
    sha256: be7b53ee359f0e02e8a363cafe62d5d6ae110ad211a033ef53a230f0ba2589b9
    pantry-tree:
      size: 4322
      sha256: 1dcf464f7680838666becb0956fc3abd8647bbf7f3a1bb5ce62b9b7ea2577b47
  original:
    url: https://github.com/awakesecurity/proto3-suite/archive/ca03aa9d846d88b0762e40f9588b4927de22f798.tar.gz
- completed:
    size: 20147
    url: https://github.com/awakesecurity/proto3-wire/archive/23015cf6363d1962fde6bdff0de111f7ec59ab75.tar.gz
    cabal-file:
      size: 1928
      sha256: 5e750211a8fdae75ffcdd0a70581ae635be5510b321924c5196ac44189fd1432
    name: proto3-wire
    version: 1.1.0
    sha256: af5f173afe9831f1e9bd061c9e0878de8fd18987f0604885a69c4d81c5824c4e
    pantry-tree:
      size: 978
      sha256: d3a5d569e005d87e4eb343b150a1c4cbc455cc9833e7713efb937d66b6679b87
  original:
    url: https://github.com/awakesecurity/proto3-wire/archive/23015cf6363d1962fde6bdff0de111f7ec59ab75.tar.gz
snapshots:
- completed:
    size: 524996
    url: https://raw.githubusercontent.com/commercialhaskell/stackage-snapshots/master/lts/14/27.yaml
    sha256: 7ea31a280c56bf36ff591a7397cc384d0dff622e7f9e4225b47d8980f019a0f0
  original: lts-14.27
