# This file was autogenerated by Stack.
# You should not edit this file by hand.
# For more information, please see the documentation at:
#   https://docs.haskellstack.org/en/stable/lock_files

packages:
- completed:
    hackage: esqueleto-3.4.0.1@sha256:85077c6b11e06e0ac4a5cb07fb6b71448dcd2dc1e9831ea8115cb9090c342500,5869
    pantry-tree:
      size: 1542
      sha256: 2cd6bd749fa1c1f9aa9730010a9bd516f4f4edaf9e9c1b3d39b1ad4e163b7ca7
  original:
    hackage: esqueleto-3.4.0.1
- completed:
    hackage: persistent-2.11.0.2@sha256:fe6bcfd7ee67252f5f96fbee786bad846fcc2e7fe3afd4bff5ddc63ec33c4bf1,4735
    pantry-tree:
      size: 2099
      sha256: 43d6b26fbd967351e11e4bd8bfa21cdc0b1a6292d3c5f3d6e047af8600497c9a
  original:
    hackage: persistent-2.11.0.2
- completed:
    hackage: persistent-postgresql-2.11.0.1@sha256:da66b35872b163f126f390542ea910a44c70a505b4d051f31cdbd3222ea288da,3006
    pantry-tree:
      size: 803
      sha256: 4b373e738ae568325818cac393ae3e51143644b52e27a2177ec7631de88b1bdd
  original:
    hackage: persistent-postgresql-2.11.0.1
- completed:
    hackage: persistent-template-2.9.1.0@sha256:384dd25da7adfbeeb749252c227c6691ad31177c0b814891a5f987a50788f522,2898
    pantry-tree:
      size: 776
      sha256: 644eb4bc1f47c53d0eaf9e5df75a650dc38df260e3600254886cab8dffeb854c
  original:
    hackage: persistent-template-2.9.1.0
- completed:
    hackage: envparse-0.4.1@sha256:989902e6368532548f61de1fa245ad2b39176cddd8743b20071af519a709ce30,2842
    pantry-tree:
      size: 1180
      sha256: 35044d67979fe2a5cff05cf8736a06a265592433cdd03e13a72908ceed892612
  original:
    hackage: envparse-0.4.1@sha256:989902e6368532548f61de1fa245ad2b39176cddd8743b20071af519a709ce30,2842
- completed:
    hackage: hspec-wai-0.10.1@sha256:56dd9ec1d56f47ef1946f71f7cbf070e4c285f718cac1b158400ae5e7172ef47,2290
    pantry-tree:
      size: 809
      sha256: 17af1c2e709cd84bfda066b9ebb04cdde7f92660c51a1f7401a1e9f766524e93
  original:
    hackage: hspec-wai-0.10.1@sha256:56dd9ec1d56f47ef1946f71f7cbf070e4c285f718cac1b158400ae5e7172ef47,2290
- completed:
    hackage: hspec-wai-json-0.10.1@sha256:67b405c38f0a9e2771480c8d3ecd8aeb8d8776a35d3b2906cb1b76c9538617e4,1629
    pantry-tree:
      size: 349
      sha256: fb9e89b79cde3276baa484c860c6b9eeebdbc1a5c43301293351a25bc4c08e87
  original:
    hackage: hspec-wai-json-0.10.1@sha256:67b405c38f0a9e2771480c8d3ecd8aeb8d8776a35d3b2906cb1b76c9538617e4,1629
- completed:
    hackage: cryptostore-0.2.1.0@sha256:9896e2984f36a1c8790f057fd5ce3da4cbcaf8aa73eb2d9277916886978c5b19,3881
    pantry-tree:
      size: 8596
      sha256: e392f8dded050690140636b81433fb350bd87dd21643dde9a2f0aa344cf038e5
  original:
    hackage: cryptostore-0.2.1.0@sha256:9896e2984f36a1c8790f057fd5ce3da4cbcaf8aa73eb2d9277916886978c5b19,3881
- completed:
    hackage: cryptonite-0.26@sha256:43c722f3770c31f4c5376e7aa42645b104834103312e217aa7fe79316416d6df,17352
    pantry-tree:
      size: 22455
      sha256: cbec4c7bd57508339510f18df64827dbd65eb7ede00db07a463a36aecdda077c
  original:
    hackage: cryptonite-0.26@sha256:43c722f3770c31f4c5376e7aa42645b104834103312e217aa7fe79316416d6df,17352
- completed:
    hackage: network-bitcoin-1.9.1@sha256:f950326eef853c8ce5a15a2fc65ed0291669b60b3138538629469fbeaf447d96,2420
    pantry-tree:
      size: 851
      sha256: 9e1136ae25b7bec92afb03dae5833946bf0596518a8c92a65c09eef7f5c4c2ac
  original:
    hackage: network-bitcoin-1.9.1@sha256:f950326eef853c8ce5a15a2fc65ed0291669b60b3138538629469fbeaf447d96,2420
- completed:
    hackage: parameterized-0.5.0.0@sha256:880717fbb958de1bac015f0a375ab6636f162a72483d987a11e305da6fac6c97,1969
    pantry-tree:
      size: 1019
      sha256: 843aed822e03279edf00a2595dfb22038b306f4f0acd6984bd108024c5102f90
  original:
    hackage: parameterized-0.5.0.0@sha256:880717fbb958de1bac015f0a375ab6636f162a72483d987a11e305da6fac6c97,1969
- completed:
    hackage: swagger2-2.3.1.1@sha256:d37f1ab99b66a68d873c44bfaa30a763d52eed72df9e82805b99be9d9b8ad2bc,4433
    pantry-tree:
      size: 2192
      sha256: 5bdf70366b9de698cad87da06c95096b61a1d40c913625525e386694b04f865d
  original:
    hackage: swagger2-2.3.1.1
- completed:
    size: 110235
    subdir: core
    url: https://github.com/coingaming/gRPC-haskell/archive/1e39371d308e6f0ff155dc988f7b6adf1519d7d8.tar.gz
    name: grpc-haskell-core
    version: 0.0.0.0
    sha256: bd333f7ca34f901e1f655e4c59639323bc6d1950a16e0f1b1847a1b0aeed8425
    pantry-tree:
      size: 2543
      sha256: ff65a4ab9b80d055d5d4946489de967a3eb186eb3400ef02c1dd3953af2f15a6
  original:
    subdir: core
    url: https://github.com/coingaming/gRPC-haskell/archive/1e39371d308e6f0ff155dc988f7b6adf1519d7d8.tar.gz
- completed:
    size: 110235
    url: https://github.com/coingaming/gRPC-haskell/archive/1e39371d308e6f0ff155dc988f7b6adf1519d7d8.tar.gz
    name: grpc-haskell
    version: 0.0.1.0
    sha256: bd333f7ca34f901e1f655e4c59639323bc6d1950a16e0f1b1847a1b0aeed8425
    pantry-tree:
      size: 7299
      sha256: 7824d4fa7a573d81e8ce9d3024c93c25a47e89bdc1b3094efe069f3e8fb73fc5
  original:
    url: https://github.com/coingaming/gRPC-haskell/archive/1e39371d308e6f0ff155dc988f7b6adf1519d7d8.tar.gz
- completed:
    size: 91575
    url: https://github.com/coingaming/proto3-suite/archive/45950a3860cbcb3f3177e9725dbdf460d6da9d45.tar.gz
    name: proto3-suite
    version: 0.4.0.2
    sha256: 5e17daa85b6882935a9a500af5021dcc461d76f53c81b7d62838ee829c260f77
    pantry-tree:
      size: 7180
      sha256: 5cfd7cb7c20e9ff29a113b66e35042eb955a507ddb33ef909e9a7e67ab70307b
  original:
    url: https://github.com/coingaming/proto3-suite/archive/45950a3860cbcb3f3177e9725dbdf460d6da9d45.tar.gz
- completed:
    size: 47444
    url: https://github.com/coingaming/proto3-wire/archive/5df56fe1ad26a18b1dfbb2a5b8d35b4c1ad63f53.tar.gz
    name: proto3-wire
    version: 1.2.0
    sha256: 54ecc8d2b56e407eaa5d9e953234a0f1f886b28b0ac287c155ed9326df65b118
    pantry-tree:
      size: 1759
      sha256: 2d3e47cf4d109a5184c8a5919f12e692fc43197b3cd011aabe8e11dacb6f9946
  original:
    url: https://github.com/coingaming/proto3-wire/archive/5df56fe1ad26a18b1dfbb2a5b8d35b4c1ad63f53.tar.gz
snapshots:
- completed:
    size: 524996
    url: https://raw.githubusercontent.com/commercialhaskell/stackage-snapshots/master/lts/14/27.yaml
    sha256: 7ea31a280c56bf36ff591a7397cc384d0dff622e7f9e4225b47d8980f019a0f0
  original: lts-14.27
