# This file was autogenerated by Stack.
# You should not edit this file by hand.
# For more information, please see the documentation at:
#   https://docs.haskellstack.org/en/stable/lock_files

packages:
- completed:
    hackage: base16-bytestring-1.0.1.0@sha256:33b9d57afa334d06485033e930c6b13fc760baf88fd8f715ae2f9a4b46e19a54,2641
    pantry-tree:
      size: 595
      sha256: 24661ef9b1089d468227300f8ceb89194b5cce68b9f6ed8109b01f63c07f54e3
  original:
    hackage: base16-bytestring-1.0.1.0
- completed:
    hackage: esqueleto-3.4.0.1@sha256:85077c6b11e06e0ac4a5cb07fb6b71448dcd2dc1e9831ea8115cb9090c342500,5869
    pantry-tree:
      size: 1542
      sha256: 2cd6bd749fa1c1f9aa9730010a9bd516f4f4edaf9e9c1b3d39b1ad4e163b7ca7
  original:
    hackage: esqueleto-3.4.0.1
- completed:
    hackage: persistent-2.11.0.2@sha256:fe6bcfd7ee67252f5f96fbee786bad846fcc2e7fe3afd4bff5ddc63ec33c4bf1,4735
    pantry-tree:
      size: 2099
      sha256: 43d6b26fbd967351e11e4bd8bfa21cdc0b1a6292d3c5f3d6e047af8600497c9a
  original:
    hackage: persistent-2.11.0.2
- completed:
    hackage: persistent-postgresql-2.11.0.1@sha256:da66b35872b163f126f390542ea910a44c70a505b4d051f31cdbd3222ea288da,3006
    pantry-tree:
      size: 803
      sha256: 4b373e738ae568325818cac393ae3e51143644b52e27a2177ec7631de88b1bdd
  original:
    hackage: persistent-postgresql-2.11.0.1
- completed:
    hackage: persistent-template-2.9.1.0@sha256:384dd25da7adfbeeb749252c227c6691ad31177c0b814891a5f987a50788f522,2898
    pantry-tree:
      size: 776
      sha256: 644eb4bc1f47c53d0eaf9e5df75a650dc38df260e3600254886cab8dffeb854c
  original:
    hackage: persistent-template-2.9.1.0
- completed:
    hackage: envparse-0.4.1@sha256:989902e6368532548f61de1fa245ad2b39176cddd8743b20071af519a709ce30,2842
    pantry-tree:
      size: 1180
      sha256: 35044d67979fe2a5cff05cf8736a06a265592433cdd03e13a72908ceed892612
  original:
    hackage: envparse-0.4.1@sha256:989902e6368532548f61de1fa245ad2b39176cddd8743b20071af519a709ce30,2842
- completed:
    hackage: hspec-wai-0.10.1@sha256:56dd9ec1d56f47ef1946f71f7cbf070e4c285f718cac1b158400ae5e7172ef47,2290
    pantry-tree:
      size: 809
      sha256: 17af1c2e709cd84bfda066b9ebb04cdde7f92660c51a1f7401a1e9f766524e93
  original:
    hackage: hspec-wai-0.10.1@sha256:56dd9ec1d56f47ef1946f71f7cbf070e4c285f718cac1b158400ae5e7172ef47,2290
- completed:
    hackage: hspec-wai-json-0.10.1@sha256:67b405c38f0a9e2771480c8d3ecd8aeb8d8776a35d3b2906cb1b76c9538617e4,1629
    pantry-tree:
      size: 349
      sha256: fb9e89b79cde3276baa484c860c6b9eeebdbc1a5c43301293351a25bc4c08e87
  original:
    hackage: hspec-wai-json-0.10.1@sha256:67b405c38f0a9e2771480c8d3ecd8aeb8d8776a35d3b2906cb1b76c9538617e4,1629
- completed:
    hackage: cryptostore-0.2.1.0@sha256:9896e2984f36a1c8790f057fd5ce3da4cbcaf8aa73eb2d9277916886978c5b19,3881
    pantry-tree:
      size: 8596
      sha256: e392f8dded050690140636b81433fb350bd87dd21643dde9a2f0aa344cf038e5
  original:
    hackage: cryptostore-0.2.1.0@sha256:9896e2984f36a1c8790f057fd5ce3da4cbcaf8aa73eb2d9277916886978c5b19,3881
- completed:
    hackage: cryptonite-0.26@sha256:43c722f3770c31f4c5376e7aa42645b104834103312e217aa7fe79316416d6df,17352
    pantry-tree:
      size: 22455
      sha256: cbec4c7bd57508339510f18df64827dbd65eb7ede00db07a463a36aecdda077c
  original:
    hackage: cryptonite-0.26@sha256:43c722f3770c31f4c5376e7aa42645b104834103312e217aa7fe79316416d6df,17352
- completed:
    hackage: network-bitcoin-1.9.1@sha256:f950326eef853c8ce5a15a2fc65ed0291669b60b3138538629469fbeaf447d96,2420
    pantry-tree:
      size: 851
      sha256: 9e1136ae25b7bec92afb03dae5833946bf0596518a8c92a65c09eef7f5c4c2ac
  original:
    hackage: network-bitcoin-1.9.1@sha256:f950326eef853c8ce5a15a2fc65ed0291669b60b3138538629469fbeaf447d96,2420
- completed:
    hackage: parameterized-0.5.0.0@sha256:880717fbb958de1bac015f0a375ab6636f162a72483d987a11e305da6fac6c97,1969
    pantry-tree:
      size: 1019
      sha256: 843aed822e03279edf00a2595dfb22038b306f4f0acd6984bd108024c5102f90
  original:
    hackage: parameterized-0.5.0.0@sha256:880717fbb958de1bac015f0a375ab6636f162a72483d987a11e305da6fac6c97,1969
- completed:
    hackage: swagger2-2.3.1.1@sha256:d37f1ab99b66a68d873c44bfaa30a763d52eed72df9e82805b99be9d9b8ad2bc,4433
    pantry-tree:
      size: 2192
      sha256: 5bdf70366b9de698cad87da06c95096b61a1d40c913625525e386694b04f865d
  original:
    hackage: swagger2-2.3.1.1
- completed:
    hackage: ghc-source-gen-0.4.0.0@sha256:b6cdde6b183e70f6fbed3b0a45ad6640204b636e9a7fb898c5d7ec79719f14a1,3698
    pantry-tree:
      size: 2304
      sha256: c7b9e9e90e9bb22ff0fb39970eb9fb6abbc157590f4ebb148897a174290bf028
  original:
    hackage: ghc-source-gen-0.4.0.0@sha256:b6cdde6b183e70f6fbed3b0a45ad6640204b636e9a7fb898c5d7ec79719f14a1,3698
- completed:
    hackage: proto-lens-0.7.0.0@sha256:2c44a62375f7712f9381f84b1d30cee2f94384f1c98801db2f4450359a8e5036,3036
    pantry-tree:
      size: 1857
      sha256: b8e95cae7459e6a601abe32df92c5b24685765f4dd402fd84d8fd1e5b04892d2
  original:
    hackage: proto-lens-0.7.0.0@sha256:2c44a62375f7712f9381f84b1d30cee2f94384f1c98801db2f4450359a8e5036,3036
- completed:
    hackage: proto-lens-protoc-0.7.0.0@sha256:04e57ec59ce21dc781b9debe063f03d85a7ec2ad1ee5c2deb1c30282119e9119,2304
    pantry-tree:
      size: 1219
      sha256: 990ccd28c9fda706123c50032d83adbf1ba3bdc914f206d8587ddb6d49d4686e
  original:
    hackage: proto-lens-protoc-0.7.0.0
- completed:
    hackage: proto-lens-runtime-0.7.0.0@sha256:d6cfab159a63f5c42a1a507638c674a714dfa5f69a06f559e8da840eaafde3ab,3115
    pantry-tree:
      size: 168
      sha256: 25214e3dfa3d36b453da5be39f392699ac78ada5ded8a1384668e3e3cd9234e4
  original:
    hackage: proto-lens-runtime-0.7.0.0
- completed:
    hackage: proto-lens-setup-0.4.0.4@sha256:c44d1b6d68a8faf1d2f9c7ca492ce3c9c2ee66d255452c683f762f10c9ebe430,3185
    pantry-tree:
      size: 235
      sha256: 3e7d12c20ebfa4d261254278331d2a708e49278f763183da2f680a4b668e881f
  original:
    hackage: proto-lens-setup-0.4.0.4
- completed:
    hackage: proto-lens-arbitrary-0.1.2.9@sha256:460627c82fa9df22884af158cc25f45b994f1c4c068a84f10c80225726dafffe,1273
    pantry-tree:
      size: 289
      sha256: 671ae926b84350a7ac5e840c98ee23d056b076cec08517902e499b063c17204e
  original:
    hackage: proto-lens-arbitrary-0.1.2.9
- completed:
    hackage: http2-client-0.10.0.0@sha256:85b8771e9e8d4fd0b4327373ebb4a7bc7f9a293e5d7a7dc581ca4153a841da67,2604
    pantry-tree:
      size: 853
      sha256: 4731a8ea6bc88cd762a99370f71c4754bcb57806844ee57a45d59e114ab1b5cb
  original:
    hackage: http2-client-0.10.0.0@sha256:85b8771e9e8d4fd0b4327373ebb4a7bc7f9a293e5d7a7dc581ca4153a841da67,2604
- completed:
    hackage: http2-client-grpc-0.8.0.0@sha256:5bea1edf5fa3572155f55c5b38cfab7063cbde613702898986c26d70bc9f3f9e,1861
    pantry-tree:
      size: 454
      sha256: 234f9a5e2c117c615b63b657af6b331df0533e173d09f0c91b279ac90c54d4de
  original:
    hackage: http2-client-grpc-0.8.0.0@sha256:5bea1edf5fa3572155f55c5b38cfab7063cbde613702898986c26d70bc9f3f9e,1861
- completed:
    hackage: http2-grpc-types-0.5.0.0@sha256:4d34edc06a48496130f19245817a7cd7ea15c78ac8815570c3795ffc4503cf27,1445
    pantry-tree:
      size: 405
      sha256: 3a1a94b87acd230b2f750f0077dc47177f37e46a2984b5764390207a83c4d5e4
  original:
    hackage: http2-grpc-types-0.5.0.0@sha256:4d34edc06a48496130f19245817a7cd7ea15c78ac8815570c3795ffc4503cf27,1445
- completed:
    hackage: http2-grpc-proto-lens-0.1.0.0@sha256:7745c53a22a59c5a9456eef11160365ab8d80a306b785881ce26141fe6c9f2fc,1479
    pantry-tree:
      size: 339
      sha256: bdfb2a3c69b78ecad47c1e13fdcc6ca2e3bd47a5c9e7a7413ae41f004c3efc72
  original:
    hackage: http2-grpc-proto-lens-0.1.0.0@sha256:7745c53a22a59c5a9456eef11160365ab8d80a306b785881ce26141fe6c9f2fc,1479
snapshots:
- completed:
    size: 524996
    url: https://raw.githubusercontent.com/commercialhaskell/stackage-snapshots/master/lts/14/27.yaml
    sha256: 7ea31a280c56bf36ff591a7397cc384d0dff622e7f9e4225b47d8980f019a0f0
  original: lts-14.27
